{
  "name": "@nichathan-gaming/map-generator",
  "version": "1.0.11",
  "lockfileVersion": 3,
  "requires": true,
  "packages": {
    "": {
      "name": "@nichathan-gaming/map-generator",
      "version": "1.0.11",
      "license": "ISC",
      "dependencies": {
        "@nichathan-gaming/assertions": "^1.0.5",
        "seedrandom": "^3.0.5"
      }
    },
    "node_modules/@nichathan-gaming/assertions": {
      "version": "1.0.5",
      "resolved": "https://registry.npmjs.org/@nichathan-gaming/assertions/-/assertions-1.0.5.tgz",
      "integrity": "sha512-c1CZzTL14fIsmIn4S1RBUn3Ejg8RVMFyogZbyu4o4mDqXpo80HQhJ67MyfVNryjddr7/OK2dyVsBMe4SdVMSRQ=="
    },
    "node_modules/seedrandom": {
      "version": "3.0.5",
      "resolved": "https://registry.npmjs.org/seedrandom/-/seedrandom-3.0.5.tgz",
      "integrity": "sha512-8OwmbklUNzwezjGInmZ+2clQmExQPvomqjL7LFqOYqtmuxRgQYqOD3mHaU+MvZn5FLUeVxVfQjwLZW/n/JFuqg=="
    }
  }
}
