{
  "name": "@nichathan-gaming/map-generator",
  "version": "1.0.4",
  "lockfileVersion": 3,
  "requires": true,
  "packages": {
    "": {
      "name": "@nichathan-gaming/map-generator",
      "version": "1.0.4",
      "license": "ISC",
      "dependencies": {
        "@nichathan-gaming/assertions": "^1.0.4"
      }
    },
    "node_modules/@nichathan-gaming/assertions": {
      "version": "1.0.4",
      "resolved": "https://registry.npmjs.org/@nichathan-gaming/assertions/-/assertions-1.0.4.tgz",
      "integrity": "sha512-8shsMJ2KOhVnETa3wK9gtn1wrfZ8gnmo+APDS0c1q6fjy1a3DFlOxx9+6dpvb3s9q3XSmBWT+C8BH3q2qk87zg=="
    }
  }
}
